<?xml version="1.0" encoding="utf-8"?>
<Project ToolsVersion="4.0" xmlns="http://schemas.microsoft.com/developer/msbuild/2003">
  <ItemGroup>
    <Filter Include="Source Files">
      <UniqueIdentifier>{4FC737F1-C7A5-4376-A066-2A32D752A2FF}</UniqueIdentifier>
      <Extensions>cpp;c;cc;cxx;c++;cppm;ixx;def;odl;idl;hpj;bat;asm;asmx</Extensions>
    </Filter>
    <Filter Include="Header Files">
      <UniqueIdentifier>{93995380-89BD-4b04-88EB-625FBE52EBFB}</UniqueIdentifier>
      <Extensions>h;hh;hpp;hxx;h++;hm;inl;inc;ipp;xsd</Extensions>
    </Filter>
    <Filter Include="Resource Files">
      <UniqueIdentifier>{67DA6AB6-F800-4c08-8B7A-83BB121AAD01}</UniqueIdentifier>
      <Extensions>rc;ico;cur;bmp;dlg;rc2;rct;bin;rgs;gif;jpg;jpeg;jpe;resx;tiff;tif;png;wav;mfcribbon-ms</Extensions>
    </Filter>
  </ItemGroup>
  <ItemGroup>
    <ClCompile Include="main\main.cpp">
      <Filter>Source Files</Filter>
    </ClCompile>
    <ClCompile Include="UUIDS\biosuuid.cpp">
      <Filter>Source Files</Filter>
    </ClCompile>
    <ClCompile Include="mapper\intel_driver.cpp">
      <Filter>Source Files</Filter>
    </ClCompile>
    <ClCompile Include="mapper\kdmapper.cpp">
      <Filter>Source Files</Filter>
    </ClCompile>
    <ClCompile Include="mapper\portable_executable.cpp">
      <Filter>Source Files</Filter>
    </ClCompile>
    <ClCompile Include="mapper\service.cpp">
      <Filter>Source Files</Filter>
    </ClCompile>
    <ClCompile Include="mapper\utils.cpp">
      <Filter>Source Files</Filter>
    </ClCompile>
  </ItemGroup>
  <ItemGroup>
    <ClInclude Include="utils\li.hpp">
      <Filter>Header Files</Filter>
    </ClInclude>
    <ClInclude Include="utils\skCrypt.h">
      <Filter>Header Files</Filter>
    </ClInclude>
    <ClInclude Include="utils\includes.h">
      <Filter>Header Files</Filter>
    </ClInclude>
    <ClInclude Include="main\main.h">
      <Filter>Header Files</Filter>
    </ClInclude>
    <ClInclude Include="authencation\auth.hpp">
      <Filter>Header Files</Filter>
    </ClInclude>
    <ClInclude Include="utils\xorstr.hpp">
      <Filter>Header Files</Filter>
    </ClInclude>
    <ClInclude Include="UUIDS\biosuuid.h">
      <Filter>Header Files</Filter>
    </ClInclude>
    <ClInclude Include="mapper\intel_driver.hpp">
      <Filter>Header Files</Filter>
    </ClInclude>
    <ClInclude Include="mapper\intel_driver_resource.hpp">
      <Filter>Header Files</Filter>
    </ClInclude>
    <ClInclude Include="mapper\kdmapper.hpp">
      <Filter>Header Files</Filter>
    </ClInclude>
    <ClInclude Include="mapper\nt.hpp">
      <Filter>Header Files</Filter>
    </ClInclude>
    <ClInclude Include="mapper\portable_executable.hpp">
      <Filter>Header Files</Filter>
    </ClInclude>
    <ClInclude Include="mapper\service.hpp">
      <Filter>Header Files</Filter>
    </ClInclude>
    <ClInclude Include="mapper\utils.hpp">
      <Filter>Header Files</Filter>
    </ClInclude>
    <ClInclude Include="utils\colors.h">
      <Filter>Header Files</Filter>
    </ClInclude>
    <ClInclude Include="resource.h">
      <Filter>Header Files</Filter>
    </ClInclude>
  </ItemGroup>
  <ItemGroup>
    <Library Include="libcurl.lib" />
    <Library Include="library_x64.lib" />
  </ItemGroup>
  <ItemGroup>
    <ResourceCompile Include="Gaynite Spoofer.rc">
      <Filter>Resource Files</Filter>
    </ResourceCompile>
  </ItemGroup>
  <ItemGroup>
    <Image Include="..\..\..\Downloads\34D6000C-508D-4A5F-896C-1961CD47FAE2-removebg-preview.ico">
      <Filter>Resource Files</Filter>
    </Image>
    <Image Include="..\gaynite.ico">
      <Filter>Resource Files</Filter>
    </Image>
  </ItemGroup>
</Project>